
Microsoft Visual Studio Solution File, Format Version 12.00
# Visual Studio Version 18
VisualStudioVersion = 18.0.11205.157
MinimumVisualStudioVersion = 10.0.40219.1
Project("{2150E333-8FDC-42A3-9474-1A3956D46DE8}") = "src", "src", "{2757791F-961C-4618-A304-06F35CAF0E32}"
	ProjectSection(SolutionItems) = preProject
		src\DefaultService.cs = src\DefaultService.cs
		src\OutPutTable.cs = src\OutPutTable.cs
	EndProjectSection
EndProject
Project("{2150E333-8FDC-42A3-9474-1A3956D46DE8}") = ".github", ".github", "{CBB0B7D3-1C06-4F29-B312-05710FCC5C33}"
EndProject
Project("{2150E333-8FDC-42A3-9474-1A3956D46DE8}") = "workflows", "workflows", "{DD9F42AE-68E3-4B48-A1B1-5614D9F8A996}"
	ProjectSection(SolutionItems) = preProject
		.github\workflows\build_10.0.yml = .github\workflows\build_10.0.yml
	EndProjectSection
EndProject
Project("{2150E333-8FDC-42A3-9474-1A3956D46DE8}") = "솔루션 항목", "솔루션 항목", "{A5F42B89-8772-4C7B-848B-85E6F5E99D7F}"
	ProjectSection(SolutionItems) = preProject
		.gitignore = .gitignore
		LICENSE = LICENSE
		README.md = README.md
	EndProjectSection
EndProject
Project("{FAE04EC0-301F-11D3-BF4B-00C04F79EFBC}") = "MetaFrm.Service.DefaultService(net10.0)", "MetaFrm.Service.DefaultService(net10.0)\MetaFrm.Service.DefaultService(net10.0).csproj", "{3DD02CA1-FD1F-CC29-C9A3-FABF5DA8CC59}"
EndProject
Global
	GlobalSection(SolutionConfigurationPlatforms) = preSolution
		Debug|Any CPU = Debug|Any CPU
		Release|Any CPU = Release|Any CPU
	EndGlobalSection
	GlobalSection(ProjectConfigurationPlatforms) = postSolution
		{3DD02CA1-FD1F-CC29-C9A3-FABF5DA8CC59}.Debug|Any CPU.ActiveCfg = Debug|Any CPU
		{3DD02CA1-FD1F-CC29-C9A3-FABF5DA8CC59}.Debug|Any CPU.Build.0 = Debug|Any CPU
		{3DD02CA1-FD1F-CC29-C9A3-FABF5DA8CC59}.Release|Any CPU.ActiveCfg = Release|Any CPU
		{3DD02CA1-FD1F-CC29-C9A3-FABF5DA8CC59}.Release|Any CPU.Build.0 = Release|Any CPU
	EndGlobalSection
	GlobalSection(SolutionProperties) = preSolution
		HideSolutionNode = FALSE
	EndGlobalSection
	GlobalSection(NestedProjects) = preSolution
		{DD9F42AE-68E3-4B48-A1B1-5614D9F8A996} = {CBB0B7D3-1C06-4F29-B312-05710FCC5C33}
	EndGlobalSection
	GlobalSection(ExtensibilityGlobals) = postSolution
		SolutionGuid = {A144DBC0-54E4-43D1-B467-EB72594A6076}
	EndGlobalSection
EndGlobal
